
Microsoft Visual Studio Solution File, Format Version 12.00
# Visual Studio Version 17
VisualStudioVersion = 17.10.35122.118
MinimumVisualStudioVersion = 10.0.40219.1
Project("{FAE04EC0-301F-11D3-BF4B-00C04F79EFBC}") = "tugas_kel_2", "tugas_kel_2\tugas_kel_2.csproj", "{980EBA1B-CC84-48EA-A6D5-66CC5750512F}"
EndProject
Global
	GlobalSection(SolutionConfigurationPlatforms) = preSolution
		Debug|Any CPU = Debug|Any CPU
		Release|Any CPU = Release|Any CPU
	EndGlobalSection
	GlobalSection(ProjectConfigurationPlatforms) = postSolution
		{980EBA1B-CC84-48EA-A6D5-66CC5750512F}.Debug|Any CPU.ActiveCfg = Debug|Any CPU
		{980EBA1B-CC84-48EA-A6D5-66CC5750512F}.Debug|Any CPU.Build.0 = Debug|Any CPU
		{980EBA1B-CC84-48EA-A6D5-66CC5750512F}.Release|Any CPU.ActiveCfg = Release|Any CPU
		{980EBA1B-CC84-48EA-A6D5-66CC5750512F}.Release|Any CPU.Build.0 = Release|Any CPU
	EndGlobalSection
	GlobalSection(SolutionProperties) = preSolution
		HideSolutionNode = FALSE
	EndGlobalSection
	GlobalSection(ExtensibilityGlobals) = postSolution
		SolutionGuid = {1F21D557-7E5E-4DB1-ACAB-6BBFBBDF8ABE}
	EndGlobalSection
EndGlobal
