
Microsoft Visual Studio Solution File, Format Version 12.00
# Visual Studio Version 17
VisualStudioVersion = 17.11.35312.102
MinimumVisualStudioVersion = 10.0.40219.1
Project("{FAE04EC0-301F-11D3-BF4B-00C04F79EFBC}") = "mahasiswa", "mahasiswa\mahasiswa.csproj", "{226ABA2F-2F57-4AC5-8BF0-F303AABBF437}"
EndProject
Global
	GlobalSection(SolutionConfigurationPlatforms) = preSolution
		Debug|Any CPU = Debug|Any CPU
		Release|Any CPU = Release|Any CPU
	EndGlobalSection
	GlobalSection(ProjectConfigurationPlatforms) = postSolution
		{226ABA2F-2F57-4AC5-8BF0-F303AABBF437}.Debug|Any CPU.ActiveCfg = Debug|Any CPU
		{226ABA2F-2F57-4AC5-8BF0-F303AABBF437}.Debug|Any CPU.Build.0 = Debug|Any CPU
		{226ABA2F-2F57-4AC5-8BF0-F303AABBF437}.Release|Any CPU.ActiveCfg = Release|Any CPU
		{226ABA2F-2F57-4AC5-8BF0-F303AABBF437}.Release|Any CPU.Build.0 = Release|Any CPU
	EndGlobalSection
	GlobalSection(SolutionProperties) = preSolution
		HideSolutionNode = FALSE
	EndGlobalSection
	GlobalSection(ExtensibilityGlobals) = postSolution
		SolutionGuid = {6090090A-2BE8-425F-980B-49B3B79AC265}
	EndGlobalSection
EndGlobal
