
Microsoft Visual Studio Solution File, Format Version 12.00
# Visual Studio Version 17
VisualStudioVersion = 17.11.35312.102
MinimumVisualStudioVersion = 10.0.40219.1
Project("{FAE04EC0-301F-11D3-BF4B-00C04F79EFBC}") = "latihan_ArrayList", "latihan_ArrayList.csproj", "{A65B27CB-0647-4996-86AF-3CE4E78D45C3}"
EndProject
Global
	GlobalSection(SolutionConfigurationPlatforms) = preSolution
		Debug|Any CPU = Debug|Any CPU
		Release|Any CPU = Release|Any CPU
	EndGlobalSection
	GlobalSection(ProjectConfigurationPlatforms) = postSolution
		{A65B27CB-0647-4996-86AF-3CE4E78D45C3}.Debug|Any CPU.ActiveCfg = Debug|Any CPU
		{A65B27CB-0647-4996-86AF-3CE4E78D45C3}.Debug|Any CPU.Build.0 = Debug|Any CPU
		{A65B27CB-0647-4996-86AF-3CE4E78D45C3}.Release|Any CPU.ActiveCfg = Release|Any CPU
		{A65B27CB-0647-4996-86AF-3CE4E78D45C3}.Release|Any CPU.Build.0 = Release|Any CPU
	EndGlobalSection
	GlobalSection(SolutionProperties) = preSolution
		HideSolutionNode = FALSE
	EndGlobalSection
	GlobalSection(ExtensibilityGlobals) = postSolution
		SolutionGuid = {75924251-8C69-46FD-A29B-348A94E85274}
	EndGlobalSection
EndGlobal
